
Microsoft Visual Studio Solution File, Format Version 12.00
# Visual Studio 14
VisualStudioVersion = 14.0.24720.0
MinimumVisualStudioVersion = 10.0.40219.1
Project("{FAE04EC0-301F-11D3-BF4B-00C04F79EFBC}") = "DomainLayer", "DomainLayer\DomainLayer.csproj", "{F06EE9B5-8CC5-4035-B5FF-9E131726D011}"
EndProject
Project("{FAE04EC0-301F-11D3-BF4B-00C04F79EFBC}") = "ControllerLayer", "ControllerLayer\ControllerLayer.csproj", "{55A205D8-948F-4168-BCA7-ADC8C10E35E1}"
EndProject
Project("{FAE04EC0-301F-11D3-BF4B-00C04F79EFBC}") = "TestApplication", "TestApplication\TestApplication.csproj", "{68CDB249-2C22-46AE-BB1A-3CE8DF85554E}"
EndProject
Global
	GlobalSection(SolutionConfigurationPlatforms) = preSolution
		Debug|Any CPU = Debug|Any CPU
		Release|Any CPU = Release|Any CPU
	EndGlobalSection
	GlobalSection(ProjectConfigurationPlatforms) = postSolution
		{F06EE9B5-8CC5-4035-B5FF-9E131726D011}.Debug|Any CPU.ActiveCfg = Debug|Any CPU
		{F06EE9B5-8CC5-4035-B5FF-9E131726D011}.Debug|Any CPU.Build.0 = Debug|Any CPU
		{F06EE9B5-8CC5-4035-B5FF-9E131726D011}.Release|Any CPU.ActiveCfg = Release|Any CPU
		{F06EE9B5-8CC5-4035-B5FF-9E131726D011}.Release|Any CPU.Build.0 = Release|Any CPU
		{55A205D8-948F-4168-BCA7-ADC8C10E35E1}.Debug|Any CPU.ActiveCfg = Debug|Any CPU
		{55A205D8-948F-4168-BCA7-ADC8C10E35E1}.Debug|Any CPU.Build.0 = Debug|Any CPU
		{55A205D8-948F-4168-BCA7-ADC8C10E35E1}.Release|Any CPU.ActiveCfg = Release|Any CPU
		{55A205D8-948F-4168-BCA7-ADC8C10E35E1}.Release|Any CPU.Build.0 = Release|Any CPU
		{68CDB249-2C22-46AE-BB1A-3CE8DF85554E}.Debug|Any CPU.ActiveCfg = Debug|Any CPU
		{68CDB249-2C22-46AE-BB1A-3CE8DF85554E}.Debug|Any CPU.Build.0 = Debug|Any CPU
		{68CDB249-2C22-46AE-BB1A-3CE8DF85554E}.Release|Any CPU.ActiveCfg = Release|Any CPU
		{68CDB249-2C22-46AE-BB1A-3CE8DF85554E}.Release|Any CPU.Build.0 = Release|Any CPU
	EndGlobalSection
	GlobalSection(SolutionProperties) = preSolution
		HideSolutionNode = FALSE
	EndGlobalSection
EndGlobal
